
Microsoft Visual Studio Solution File, Format Version 12.00
# Visual Studio 15
VisualStudioVersion = 15.0.27703.2026
MinimumVisualStudioVersion = 10.0.40219.1
Project("{FAE04EC0-301F-11D3-BF4B-00C04F79EFBC}") = "SeleniumTesting", "SeleniumTesting\SeleniumTesting.csproj", "{34CD9F88-78BC-4EE0-A021-A76303577663}"
EndProject
Global
	GlobalSection(SolutionConfigurationPlatforms) = preSolution
		Debug|Any CPU = Debug|Any CPU
		Release|Any CPU = Release|Any CPU
	EndGlobalSection
	GlobalSection(ProjectConfigurationPlatforms) = postSolution
		{34CD9F88-78BC-4EE0-A021-A76303577663}.Debug|Any CPU.ActiveCfg = Debug|Any CPU
		{34CD9F88-78BC-4EE0-A021-A76303577663}.Debug|Any CPU.Build.0 = Debug|Any CPU
		{34CD9F88-78BC-4EE0-A021-A76303577663}.Release|Any CPU.ActiveCfg = Release|Any CPU
		{34CD9F88-78BC-4EE0-A021-A76303577663}.Release|Any CPU.Build.0 = Release|Any CPU
	EndGlobalSection
	GlobalSection(SolutionProperties) = preSolution
		HideSolutionNode = FALSE
	EndGlobalSection
	GlobalSection(ExtensibilityGlobals) = postSolution
		SolutionGuid = {EB88DF26-ABA9-4E39-807F-5A73A4D9A7C2}
	EndGlobalSection
EndGlobal
